{
  "requires": true,
  "lockfileVersion": 1,
  "dependencies": {
    "@reach/auto-id": {
      "version": "0.16.0",
      "resolved": "https://registry.npmjs.org/@reach/auto-id/-/auto-id-0.16.0.tgz",
      "integrity": "sha512-5ssbeP5bCkM39uVsfQCwBBL+KT8YColdnMN5/Eto6Rj7929ql95R3HZUOkKIvj7mgPtEb60BLQxd1P3o6cjbmg==",
      "requires": {
        "@reach/utils": "0.16.0",
        "tslib": "^2.3.0"
      }
    },
    "@reach/descendants": {
      "version": "0.16.1",
      "resolved": "https://registry.npmjs.org/@reach/descendants/-/descendants-0.16.1.tgz",
      "integrity": "sha512-3WZgRnD9O4EORKE31rrduJDiPFNMOjUkATx0zl192ZxMq3qITe4tUj70pS5IbJl/+v9zk78JwyQLvA1pL7XAPA==",
      "requires": {
        "@reach/utils": "0.16.0",
        "tslib": "^2.3.0"
      }
    },
    "@reach/dropdown": {
      "version": "0.16.2",
      "resolved": "https://registry.npmjs.org/@reach/dropdown/-/dropdown-0.16.2.tgz",
      "integrity": "sha512-l4nNiX6iUpMdHQNbZMhgW5APtw0AUwJuRnkqE93vkjvdtrYl/sNJy1Jr6cGG7TrZIABLSOsfwbXU3C+qwJ3ftQ==",
      "requires": {
        "@reach/auto-id": "0.16.0",
        "@reach/descendants": "0.16.1",
        "@reach/popover": "0.16.2",
        "@reach/utils": "0.16.0",
        "tslib": "^2.3.0"
      }
    },
    "@reach/menu-button": {
      "version": "0.16.2",
      "resolved": "https://registry.npmjs.org/@reach/menu-button/-/menu-button-0.16.2.tgz",
      "integrity": "sha512-p4n6tFVaJZHJZEznHWy0YH2Xr3I+W7tsQWAT72PqKGT+uryGRdtgEQqi76f/8cRaw/00ueazBk5lwLG7UKGFaA==",
      "requires": {
        "@reach/dropdown": "0.16.2",
        "@reach/popover": "0.16.2",
        "@reach/utils": "0.16.0",
        "prop-types": "^15.7.2",
        "tiny-warning": "^1.0.3",
        "tslib": "^2.3.0"
      }
    },
    "@reach/observe-rect": {
      "version": "1.2.0",
      "resolved": "https://registry.npmjs.org/@reach/observe-rect/-/observe-rect-1.2.0.tgz",
      "integrity": "sha512-Ba7HmkFgfQxZqqaeIWWkNK0rEhpxVQHIoVyW1YDSkGsGIXzcaW4deC8B0pZrNSSyLTdIk7y+5olKt5+g0GmFIQ=="
    },
    "@reach/popover": {
      "version": "0.16.2",
      "resolved": "https://registry.npmjs.org/@reach/popover/-/popover-0.16.2.tgz",
      "integrity": "sha512-IwkRrHM7Vt33BEkSXneovymJv7oIToOfTDwRKpuYEB/BWYMAuNfbsRL7KVe6MjkgchDeQzAk24cYY1ztQj5HQQ==",
      "requires": {
        "@reach/portal": "0.16.2",
        "@reach/rect": "0.16.0",
        "@reach/utils": "0.16.0",
        "tabbable": "^4.0.0",
        "tslib": "^2.3.0"
      }
    },
    "@reach/portal": {
      "version": "0.16.2",
      "resolved": "https://registry.npmjs.org/@reach/portal/-/portal-0.16.2.tgz",
      "integrity": "sha512-9ur/yxNkuVYTIjAcfi46LdKUvH0uYZPfEp4usWcpt6PIp+WDF57F/5deMe/uGi/B/nfDweQu8VVwuMVrCb97JQ==",
      "requires": {
        "@reach/utils": "0.16.0",
        "tiny-warning": "^1.0.3",
        "tslib": "^2.3.0"
      }
    },
    "@reach/rect": {
      "version": "0.16.0",
      "resolved": "https://registry.npmjs.org/@reach/rect/-/rect-0.16.0.tgz",
      "integrity": "sha512-/qO9jQDzpOCdrSxVPR6l674mRHNTqfEjkaxZHluwJ/2qGUtYsA0GSZiF/+wX/yOWeBif1ycxJDa6HusAMJZC5Q==",
      "requires": {
        "@reach/observe-rect": "1.2.0",
        "@reach/utils": "0.16.0",
        "prop-types": "^15.7.2",
        "tiny-warning": "^1.0.3",
        "tslib": "^2.3.0"
      }
    },
    "@reach/router": {
      "version": "1.3.4",
      "resolved": "https://registry.npmjs.org/@reach/router/-/router-1.3.4.tgz",
      "integrity": "sha512-+mtn9wjlB9NN2CNnnC/BRYtwdKBfSyyasPYraNAyvaV1occr/5NnB4CVzjEZipNHwYebQwcndGUmpFzxAUoqSA==",
      "requires": {
        "create-react-context": "0.3.0",
        "invariant": "^2.2.3",
        "prop-types": "^15.6.1",
        "react-lifecycles-compat": "^3.0.4"
      }
    },
    "@reach/utils": {
      "version": "0.16.0",
      "resolved": "https://registry.npmjs.org/@reach/utils/-/utils-0.16.0.tgz",
      "integrity": "sha512-PCggBet3qaQmwFNcmQ/GqHSefadAFyNCUekq9RrWoaU9hh/S4iaFgf2MBMdM47eQj5i/Bk0Mm07cP/XPFlkN+Q==",
      "requires": {
        "tiny-warning": "^1.0.3",
        "tslib": "^2.3.0"
      }
    },
    "@react-spring/animated": {
      "version": "9.4.2",
      "resolved": "https://registry.npmjs.org/@react-spring/animated/-/animated-9.4.2.tgz",
      "integrity": "sha512-Dzum5Ho8e+LIAegAqRyoQFakD2IVH3ZQ2nsFXJorAFq3Xjv6IVPz/+TNxb/wSvnsMludfoF+ZIf319FSFmgD5w==",
      "requires": {
        "@react-spring/shared": "~9.4.0",
        "@react-spring/types": "~9.4.0"
      }
    },
    "@react-spring/core": {
      "version": "9.4.2",
      "resolved": "https://registry.npmjs.org/@react-spring/core/-/core-9.4.2.tgz",
      "integrity": "sha512-Ej/ULwdx8rQtMAWEpLgwbKcQEx6vPfjyG3cxLP05zAInpCoWkYpl+sXOp9tn3r99mTNQPTTt7BgQsSnmQA8+rQ==",
      "requires": {
        "@react-spring/animated": "~9.4.0",
        "@react-spring/rafz": "~9.4.0",
        "@react-spring/shared": "~9.4.0",
        "@react-spring/types": "~9.4.0"
      }
    },
    "@react-spring/konva": {
      "version": "9.4.2",
      "resolved": "https://registry.npmjs.org/@react-spring/konva/-/konva-9.4.2.tgz",
      "integrity": "sha512-wzSfyHp+qS0OjnipQ8FFrtMh4yu62dkaWAFa+9ThqbQ5KLbEdCK4ArN4h4GfxPoJZ38NJoEO7zbX+ewtQn8N1g==",
      "requires": {
        "@react-spring/animated": "~9.4.0",
        "@react-spring/core": "~9.4.0",
        "@react-spring/shared": "~9.4.0",
        "@react-spring/types": "~9.4.0"
      }
    },
    "@react-spring/native": {
      "version": "9.4.2",
      "resolved": "https://registry.npmjs.org/@react-spring/native/-/native-9.4.2.tgz",
      "integrity": "sha512-QVKpeuPvnYwvW4NvzzJcTgvZseMaogVH2zhAWpT4DkXIOICbaIlz1BsE+C+wrtREIq0LCgUFVbeUwaG89t68UA==",
      "requires": {
        "@react-spring/animated": "~9.4.0",
        "@react-spring/core": "~9.4.0",
        "@react-spring/shared": "~9.4.0",
        "@react-spring/types": "~9.4.0"
      }
    },
    "@react-spring/rafz": {
      "version": "9.4.2",
      "resolved": "https://registry.npmjs.org/@react-spring/rafz/-/rafz-9.4.2.tgz",
      "integrity": "sha512-rSm+G8E/XEEpnCGtT/xYN6o8VvEXlU8wN/hyKp4Q44XAZzGSMHLIFP7pY94/MmWsxCxjkw1AxUWhiFYxWrnI5Q=="
    },
    "@react-spring/shared": {
      "version": "9.4.2",
      "resolved": "https://registry.npmjs.org/@react-spring/shared/-/shared-9.4.2.tgz",
      "integrity": "sha512-mZtbQLpMm6Vy5+O1MSlY9KuAcMO8rdUQvtdnC7Or7y7xiZlnzj8oAILyO6Y2rD2ZC1PmgVS0gMev/8T+MykW+Q==",
      "requires": {
        "@react-spring/rafz": "~9.4.0",
        "@react-spring/types": "~9.4.0"
      }
    },
    "@react-spring/three": {
      "version": "9.4.2",
      "resolved": "https://registry.npmjs.org/@react-spring/three/-/three-9.4.2.tgz",
      "integrity": "sha512-qAPHOMjQjl9V3Eh4Xbdsdx9mAMe+rtSBfEuZGfoF5l8P8zC42gxggbyM1sKUOip3yyz76YTPiosWkmvgCVxMng==",
      "requires": {
        "@react-spring/animated": "~9.4.0",
        "@react-spring/core": "~9.4.0",
        "@react-spring/shared": "~9.4.0",
        "@react-spring/types": "~9.4.0"
      }
    },
    "@react-spring/types": {
      "version": "9.4.2",
      "resolved": "https://registry.npmjs.org/@react-spring/types/-/types-9.4.2.tgz",
      "integrity": "sha512-GGiIscTM+CEUNV52anj3g5FqAZKL2+eRKtvBOAlC99qGBbvJ3qTLImrUR/I3lXY7PRuLgzI6kh34quA1oUxWYQ=="
    },
    "@react-spring/web": {
      "version": "9.4.2",
      "resolved": "https://registry.npmjs.org/@react-spring/web/-/web-9.4.2.tgz",
      "integrity": "sha512-sWfA9NkVuvVOpjSlMkD2zcF6X3i8NSHTeH/uHCGKsN3mYqgkhvAF+E8GASO/H4KKGNhbRvgCZiwJXOtOGyUg6A==",
      "requires": {
        "@react-spring/animated": "~9.4.0",
        "@react-spring/core": "~9.4.0",
        "@react-spring/shared": "~9.4.0",
        "@react-spring/types": "~9.4.0"
      }
    },
    "@react-spring/zdog": {
      "version": "9.4.2",
      "resolved": "https://registry.npmjs.org/@react-spring/zdog/-/zdog-9.4.2.tgz",
      "integrity": "sha512-lQi6Kh5ibEgD8+V3rja5rgMoLsdlgvXsr7cDeBKmBwXx0ne10gR7bSqEeD8wWcAIon/F5qfsR+Ns2B4FpDqYtA==",
      "requires": {
        "@react-spring/animated": "~9.4.0",
        "@react-spring/core": "~9.4.0",
        "@react-spring/shared": "~9.4.0",
        "@react-spring/types": "~9.4.0"
      }
    },
    "create-react-context": {
      "version": "0.3.0",
      "resolved": "https://registry.npmjs.org/create-react-context/-/create-react-context-0.3.0.tgz",
      "integrity": "sha512-dNldIoSuNSvlTJ7slIKC/ZFGKexBMBrrcc+TTe1NdmROnaASuLPvqpwj9v4XS4uXZ8+YPu0sNmShX2rXI5LNsw==",
      "requires": {
        "gud": "^1.0.0",
        "warning": "^4.0.3"
      }
    },
    "gud": {
      "version": "1.0.0",
      "resolved": "https://registry.npmjs.org/gud/-/gud-1.0.0.tgz",
      "integrity": "sha512-zGEOVKFM5sVPPrYs7J5/hYEw2Pof8KCyOwyhG8sAF26mCAeUFAcYPu1mwB7hhpIP29zOIBaDqwuHdLp0jvZXjw=="
    },
    "invariant": {
      "version": "2.2.4",
      "resolved": "https://registry.npmjs.org/invariant/-/invariant-2.2.4.tgz",
      "integrity": "sha512-phJfQVBuaJM5raOpJjSfkiD6BpbCE4Ns//LaXl6wGYtUBY83nWS6Rf9tXm2e8VaK60JEjYldbPif/A2B1C2gNA==",
      "requires": {
        "loose-envify": "^1.0.0"
      }
    },
    "js-tokens": {
      "version": "4.0.0",
      "resolved": "https://registry.npmjs.org/js-tokens/-/js-tokens-4.0.0.tgz",
      "integrity": "sha512-RdJUflcE3cUzKiMqQgsCu06FPu9UdIJO0beYbPhHN4k6apgJtifcoCtT9bcxOpYBtpD2kCM6Sbzg4CausW/PKQ=="
    },
    "loose-envify": {
      "version": "1.4.0",
      "resolved": "https://registry.npmjs.org/loose-envify/-/loose-envify-1.4.0.tgz",
      "integrity": "sha512-lyuxPGr/Wfhrlem2CL/UcnUc1zcqKAImBDzukY7Y5F/yQiNdko6+fRLevlw1HgMySw7f611UIY408EtxRSoK3Q==",
      "requires": {
        "js-tokens": "^3.0.0 || ^4.0.0"
      }
    },
    "object-assign": {
      "version": "4.1.1",
      "resolved": "https://registry.npmjs.org/object-assign/-/object-assign-4.1.1.tgz",
      "integrity": "sha1-IQmtx5ZYh8/AXLvUQsrIv7s2CGM="
    },
    "prop-types": {
      "version": "15.8.1",
      "resolved": "https://registry.npmjs.org/prop-types/-/prop-types-15.8.1.tgz",
      "integrity": "sha512-oj87CgZICdulUohogVAR7AjlC0327U4el4L6eAvOqCeudMDVU0NThNaV+b9Df4dXgSP1gXMTnPdhfe/2qDH5cg==",
      "requires": {
        "loose-envify": "^1.4.0",
        "object-assign": "^4.1.1",
        "react-is": "^16.13.1"
      }
    },
    "react-accessible-dropdown-menu-hook": {
      "version": "3.1.0",
      "resolved": "https://registry.npmjs.org/react-accessible-dropdown-menu-hook/-/react-accessible-dropdown-menu-hook-3.1.0.tgz",
      "integrity": "sha512-XOvct2l9Q1V5u29gdGHZhBYh3hUX3+syIwWC/uqBmmzJDttFMZKPug+Ut/oAsXTCeGn3+HcT1iqzLAFRtVrrJg=="
    },
    "react-is": {
      "version": "16.13.1",
      "resolved": "https://registry.npmjs.org/react-is/-/react-is-16.13.1.tgz",
      "integrity": "sha512-24e6ynE2H+OKt4kqsOvNd8kBpV65zoxbA4BVsEOB3ARVWQki/DHzaUoC5KuON/BiccDaCCTZBuOcfZs70kR8bQ=="
    },
    "react-lifecycles-compat": {
      "version": "3.0.4",
      "resolved": "https://registry.npmjs.org/react-lifecycles-compat/-/react-lifecycles-compat-3.0.4.tgz",
      "integrity": "sha512-fBASbA6LnOU9dOU2eW7aQ8xmYBSXUIWr+UmF9b1efZBazGNO+rcXT/icdKnYm2pTwcRylVUYwW7H1PHfLekVzA=="
    },
    "react-spring": {
      "version": "9.4.2",
      "resolved": "https://registry.npmjs.org/react-spring/-/react-spring-9.4.2.tgz",
      "integrity": "sha512-mK9xdq1kAhbe5YpP4EG2IzRa2C1M1UfR/MO1f83PE+IpHwCm1nGQhteF3MGyX6I3wnkoBWTXbY6n4443Dp52Og==",
      "requires": {
        "@react-spring/core": "~9.4.0",
        "@react-spring/konva": "~9.4.0",
        "@react-spring/native": "~9.4.0",
        "@react-spring/three": "~9.4.0",
        "@react-spring/web": "~9.4.0",
        "@react-spring/zdog": "~9.4.0"
      }
    },
    "sawo-react": {
      "version": "1.0.6",
      "resolved": "https://registry.npmjs.org/sawo-react/-/sawo-react-1.0.6.tgz",
      "integrity": "sha512-b/+QHnDHIk/eDenbJS0bbIqB5erQonSit2Qj0I1uLdtPUIGyt/GF7CYyi0UUgF4cxakRi9WjHRTLBsRbDZ2Guw=="
    },
    "tabbable": {
      "version": "4.0.0",
      "resolved": "https://registry.npmjs.org/tabbable/-/tabbable-4.0.0.tgz",
      "integrity": "sha512-H1XoH1URcBOa/rZZWxLxHCtOdVUEev+9vo5YdYhC9tCY4wnybX+VQrCYuy9ubkg69fCBxCONJOSLGfw0DWMffQ=="
    },
    "tiny-warning": {
      "version": "1.0.3",
      "resolved": "https://registry.npmjs.org/tiny-warning/-/tiny-warning-1.0.3.tgz",
      "integrity": "sha512-lBN9zLN/oAf68o3zNXYrdCt1kP8WsiGW8Oo2ka41b2IM5JL/S1CTyX1rW0mb/zSuJun0ZUrDxx4sqvYS2FWzPA=="
    },
    "tslib": {
      "version": "2.3.1",
      "resolved": "https://registry.npmjs.org/tslib/-/tslib-2.3.1.tgz",
      "integrity": "sha512-77EbyPPpMz+FRFRuAFlWMtmgUWGe9UOG2Z25NqCwiIjRhOf5iKGuzSe5P2w1laq+FkRy4p+PCuVkJSGkzTEKVw=="
    },
    "warning": {
      "version": "4.0.3",
      "resolved": "https://registry.npmjs.org/warning/-/warning-4.0.3.tgz",
      "integrity": "sha512-rpJyN222KWIvHJ/F53XSZv0Zl/accqHR8et1kpaMTD/fLCRxtV8iX8czMzY7sVZupTI3zcUTg8eycS2kNF9l6w==",
      "requires": {
        "loose-envify": "^1.0.0"
      }
    }
  }
}
