{
  "requires": true,
  "lockfileVersion": 1,
  "dependencies": {
    "sawo-react": {
      "version": "1.0.6",
      "resolved": "https://registry.npmjs.org/sawo-react/-/sawo-react-1.0.6.tgz",
      "integrity": "sha512-b/+QHnDHIk/eDenbJS0bbIqB5erQonSit2Qj0I1uLdtPUIGyt/GF7CYyi0UUgF4cxakRi9WjHRTLBsRbDZ2Guw=="
    }
  }
}
